
Microsoft Visual Studio Solution File, Format Version 12.00
# Visual Studio Version 16
VisualStudioVersion = 16.0.31105.61
MinimumVisualStudioVersion = 10.0.40219.1
Project("{FAE04EC0-301F-11D3-BF4B-00C04F79EFBC}") = "Démineur", "Démineur\Démineur.csproj", "{12B2F09F-CEDD-438B-9A8A-D7B054722299}"
EndProject
Global
	GlobalSection(SolutionConfigurationPlatforms) = preSolution
		Debug|Any CPU = Debug|Any CPU
		Release|Any CPU = Release|Any CPU
	EndGlobalSection
	GlobalSection(ProjectConfigurationPlatforms) = postSolution
		{12B2F09F-CEDD-438B-9A8A-D7B054722299}.Debug|Any CPU.ActiveCfg = Debug|Any CPU
		{12B2F09F-CEDD-438B-9A8A-D7B054722299}.Debug|Any CPU.Build.0 = Debug|Any CPU
		{12B2F09F-CEDD-438B-9A8A-D7B054722299}.Release|Any CPU.ActiveCfg = Release|Any CPU
		{12B2F09F-CEDD-438B-9A8A-D7B054722299}.Release|Any CPU.Build.0 = Release|Any CPU
	EndGlobalSection
	GlobalSection(SolutionProperties) = preSolution
		HideSolutionNode = FALSE
	EndGlobalSection
	GlobalSection(ExtensibilityGlobals) = postSolution
		SolutionGuid = {2FADFCEA-D0BE-4101-AC6E-3C7F678B1BF6}
	EndGlobalSection
EndGlobal
